// !$*UTF8*$!
{
	archiveVersion = 1;
	classes = {
	};
	objectVersion = 56;
	objects = {

/* Begin PBXBuildFile section */
		CB6876892CAC5F7000AA01F6 /* FriendCell.swift in Sources */ = {isa = PBXBuildFile; fileRef = CB6876882CAC5F7000AA01F6 /* FriendCell.swift */; };
		CB68768B2CAC5F9B00AA01F6 /* FriendsEmptyView.swift in Sources */ = {isa = PBXBuildFile; fileRef = CB68768A2CAC5F9B00AA01F6 /* FriendsEmptyView.swift */; };
		CB68768E2CAC5FE100AA01F6 /* FriendsVC.swift in Sources */ = {isa = PBXBuildFile; fileRef = CB68768D2CAC5FE100AA01F6 /* FriendsVC.swift */; };
		CB6876912CAC603400AA01F6 /* Extension.swift in Sources */ = {isa = PBXBuildFile; fileRef = CB6876902CAC603400AA01F6 /* Extension.swift */; };
		CB6876932CAC608400AA01F6 /* FriendsNavController.swift in Sources */ = {isa = PBXBuildFile; fileRef = CB6876922CAC608400AA01F6 /* FriendsNavController.swift */; };
		CB6876952CAC611E00AA01F6 /* Scenario.swift in Sources */ = {isa = PBXBuildFile; fileRef = CB6876942CAC611E00AA01F6 /* Scenario.swift */; };
		CB6876972CAC655800AA01F6 /* UserView.swift in Sources */ = {isa = PBXBuildFile; fileRef = CB6876962CAC655800AA01F6 /* UserView.swift */; };
		CB69F5D32CA810C900F95219 /* AppDelegate.swift in Sources */ = {isa = PBXBuildFile; fileRef = CB69F5D22CA810C900F95219 /* AppDelegate.swift */; };
		CB69F5D52CA810C900F95219 /* SceneDelegate.swift in Sources */ = {isa = PBXBuildFile; fileRef = CB69F5D42CA810C900F95219 /* SceneDelegate.swift */; };
		CB69F5D72CA810C900F95219 /* TabBarController.swift in Sources */ = {isa = PBXBuildFile; fileRef = CB69F5D62CA810C900F95219 /* TabBarController.swift */; };
		CB69F5DA2CA810C900F95219 /* Main.storyboard in Resources */ = {isa = PBXBuildFile; fileRef = CB69F5D82CA810C900F95219 /* Main.storyboard */; };
		CB69F5DC2CA810CA00F95219 /* Assets.xcassets in Resources */ = {isa = PBXBuildFile; fileRef = CB69F5DB2CA810CA00F95219 /* Assets.xcassets */; };
		CB69F5DF2CA810CA00F95219 /* LaunchScreen.storyboard in Resources */ = {isa = PBXBuildFile; fileRef = CB69F5DD2CA810CA00F95219 /* LaunchScreen.storyboard */; };
		CB84FDE32CAC9D67005AD3ED /* InvitationCard.swift in Sources */ = {isa = PBXBuildFile; fileRef = CB84FDE22CAC9D67005AD3ED /* InvitationCard.swift */; };
		CB84FDE52CADBCDC005AD3ED /* FriendsTableView.swift in Sources */ = {isa = PBXBuildFile; fileRef = CB84FDE42CADBCDC005AD3ED /* FriendsTableView.swift */; };
		CB8DB5552CAE1C8A008A9D26 /* SearchBar.swift in Sources */ = {isa = PBXBuildFile; fileRef = CB8DB5542CAE1C8A008A9D26 /* SearchBar.swift */; };
		CB8DB5602CAEE34A008A9D26 /* CathayBankKokoHWTests.swift in Sources */ = {isa = PBXBuildFile; fileRef = CB8DB55F2CAEE34A008A9D26 /* CathayBankKokoHWTests.swift */; };
		CB9AD8972CA8B8FF00582634 /* FriendsVM.swift in Sources */ = {isa = PBXBuildFile; fileRef = CB9AD8962CA8B8FF00582634 /* FriendsVM.swift */; };
		CB9AD8992CA8B91200582634 /* UserVM.swift in Sources */ = {isa = PBXBuildFile; fileRef = CB9AD8982CA8B91200582634 /* UserVM.swift */; };
		CB9AD89B2CA8B92800582634 /* UserModel.swift in Sources */ = {isa = PBXBuildFile; fileRef = CB9AD89A2CA8B92800582634 /* UserModel.swift */; };
		CB9AD89D2CA8B93500582634 /* FriendsModel.swift in Sources */ = {isa = PBXBuildFile; fileRef = CB9AD89C2CA8B93500582634 /* FriendsModel.swift */; };
/* End PBXBuildFile section */

/* Begin PBXContainerItemProxy section */
		CB8DB5612CAEE34A008A9D26 /* PBXContainerItemProxy */ = {
			isa = PBXContainerItemProxy;
			containerPortal = CB69F5C72CA810C900F95219 /* Project object */;
			proxyType = 1;
			remoteGlobalIDString = CB69F5CE2CA810C900F95219;
			remoteInfo = CathayBankKokoHW;
		};
/* End PBXContainerItemProxy section */

/* Begin PBXFileReference section */
		CB6876882CAC5F7000AA01F6 /* FriendCell.swift */ = {isa = PBXFileReference; lastKnownFileType = sourcecode.swift; path = FriendCell.swift; sourceTree = "<group>"; };
		CB68768A2CAC5F9B00AA01F6 /* FriendsEmptyView.swift */ = {isa = PBXFileReference; lastKnownFileType = sourcecode.swift; path = FriendsEmptyView.swift; sourceTree = "<group>"; };
		CB68768D2CAC5FE100AA01F6 /* FriendsVC.swift */ = {isa = PBXFileReference; lastKnownFileType = sourcecode.swift; path = FriendsVC.swift; sourceTree = "<group>"; };
		CB6876902CAC603400AA01F6 /* Extension.swift */ = {isa = PBXFileReference; lastKnownFileType = sourcecode.swift; path = Extension.swift; sourceTree = "<group>"; };
		CB6876922CAC608400AA01F6 /* FriendsNavController.swift */ = {isa = PBXFileReference; lastKnownFileType = sourcecode.swift; path = FriendsNavController.swift; sourceTree = "<group>"; };
		CB6876942CAC611E00AA01F6 /* Scenario.swift */ = {isa = PBXFileReference; lastKnownFileType = sourcecode.swift; path = Scenario.swift; sourceTree = "<group>"; };
		CB6876962CAC655800AA01F6 /* UserView.swift */ = {isa = PBXFileReference; lastKnownFileType = sourcecode.swift; path = UserView.swift; sourceTree = "<group>"; };
		CB69F5CF2CA810C900F95219 /* CathayBankKokoHW.app */ = {isa = PBXFileReference; explicitFileType = wrapper.application; includeInIndex = 0; path = CathayBankKokoHW.app; sourceTree = BUILT_PRODUCTS_DIR; };
		CB69F5D22CA810C900F95219 /* AppDelegate.swift */ = {isa = PBXFileReference; lastKnownFileType = sourcecode.swift; path = AppDelegate.swift; sourceTree = "<group>"; };
		CB69F5D42CA810C900F95219 /* SceneDelegate.swift */ = {isa = PBXFileReference; lastKnownFileType = sourcecode.swift; path = SceneDelegate.swift; sourceTree = "<group>"; };
		CB69F5D62CA810C900F95219 /* TabBarController.swift */ = {isa = PBXFileReference; lastKnownFileType = sourcecode.swift; path = TabBarController.swift; sourceTree = "<group>"; };
		CB69F5D92CA810C900F95219 /* Base */ = {isa = PBXFileReference; lastKnownFileType = file.storyboard; name = Base; path = Base.lproj/Main.storyboard; sourceTree = "<group>"; };
		CB69F5DB2CA810CA00F95219 /* Assets.xcassets */ = {isa = PBXFileReference; lastKnownFileType = folder.assetcatalog; path = Assets.xcassets; sourceTree = "<group>"; };
		CB69F5DE2CA810CA00F95219 /* Base */ = {isa = PBXFileReference; lastKnownFileType = file.storyboard; name = Base; path = Base.lproj/LaunchScreen.storyboard; sourceTree = "<group>"; };
		CB69F5E02CA810CA00F95219 /* Info.plist */ = {isa = PBXFileReference; lastKnownFileType = text.plist.xml; path = Info.plist; sourceTree = "<group>"; };
		CB84FDE22CAC9D67005AD3ED /* InvitationCard.swift */ = {isa = PBXFileReference; lastKnownFileType = sourcecode.swift; path = InvitationCard.swift; sourceTree = "<group>"; };
		CB84FDE42CADBCDC005AD3ED /* FriendsTableView.swift */ = {isa = PBXFileReference; lastKnownFileType = sourcecode.swift; path = FriendsTableView.swift; sourceTree = "<group>"; };
		CB8DB5542CAE1C8A008A9D26 /* SearchBar.swift */ = {isa = PBXFileReference; lastKnownFileType = sourcecode.swift; path = SearchBar.swift; sourceTree = "<group>"; };
		CB8DB55D2CAEE349008A9D26 /* CathayBankKokoHWTests.xctest */ = {isa = PBXFileReference; explicitFileType = wrapper.cfbundle; includeInIndex = 0; path = CathayBankKokoHWTests.xctest; sourceTree = BUILT_PRODUCTS_DIR; };
		CB8DB55F2CAEE34A008A9D26 /* CathayBankKokoHWTests.swift */ = {isa = PBXFileReference; lastKnownFileType = sourcecode.swift; path = CathayBankKokoHWTests.swift; sourceTree = "<group>"; };
		CB9AD8962CA8B8FF00582634 /* FriendsVM.swift */ = {isa = PBXFileReference; lastKnownFileType = sourcecode.swift; path = FriendsVM.swift; sourceTree = "<group>"; };
		CB9AD8982CA8B91200582634 /* UserVM.swift */ = {isa = PBXFileReference; lastKnownFileType = sourcecode.swift; path = UserVM.swift; sourceTree = "<group>"; };
		CB9AD89A2CA8B92800582634 /* UserModel.swift */ = {isa = PBXFileReference; lastKnownFileType = sourcecode.swift; path = UserModel.swift; sourceTree = "<group>"; };
		CB9AD89C2CA8B93500582634 /* FriendsModel.swift */ = {isa = PBXFileReference; lastKnownFileType = sourcecode.swift; path = FriendsModel.swift; sourceTree = "<group>"; };
/* End PBXFileReference section */

/* Begin PBXFrameworksBuildPhase section */
		CB69F5CC2CA810C900F95219 /* Frameworks */ = {
			isa = PBXFrameworksBuildPhase;
			buildActionMask = 2147483647;
			files = (
			);
			runOnlyForDeploymentPostprocessing = 0;
		};
		CB8DB55A2CAEE349008A9D26 /* Frameworks */ = {
			isa = PBXFrameworksBuildPhase;
			buildActionMask = 2147483647;
			files = (
			);
			runOnlyForDeploymentPostprocessing = 0;
		};
/* End PBXFrameworksBuildPhase section */

/* Begin PBXGroup section */
		CB6876872CAC5F4500AA01F6 /* View */ = {
			isa = PBXGroup;
			children = (
				CB68768A2CAC5F9B00AA01F6 /* FriendsEmptyView.swift */,
				CB84FDE42CADBCDC005AD3ED /* FriendsTableView.swift */,
				CB8DB5542CAE1C8A008A9D26 /* SearchBar.swift */,
				CB6876962CAC655800AA01F6 /* UserView.swift */,
				CB84FDE22CAC9D67005AD3ED /* InvitationCard.swift */,
				CB6876882CAC5F7000AA01F6 /* FriendCell.swift */,
			);
			path = View;
			sourceTree = "<group>";
		};
		CB68768C2CAC5FC400AA01F6 /* Controller */ = {
			isa = PBXGroup;
			children = (
				CB69F5D62CA810C900F95219 /* TabBarController.swift */,
				CB6876922CAC608400AA01F6 /* FriendsNavController.swift */,
				CB68768D2CAC5FE100AA01F6 /* FriendsVC.swift */,
			);
			path = Controller;
			sourceTree = "<group>";
		};
		CB68768F2CAC600E00AA01F6 /* Extension */ = {
			isa = PBXGroup;
			children = (
				CB6876902CAC603400AA01F6 /* Extension.swift */,
			);
			path = Extension;
			sourceTree = "<group>";
		};
		CB69F5C62CA810C900F95219 = {
			isa = PBXGroup;
			children = (
				CB69F5D12CA810C900F95219 /* CathayBankKokoHW */,
				CB8DB55E2CAEE34A008A9D26 /* CathayBankKokoHWTests */,
				CB69F5D02CA810C900F95219 /* Products */,
			);
			sourceTree = "<group>";
		};
		CB69F5D02CA810C900F95219 /* Products */ = {
			isa = PBXGroup;
			children = (
				CB69F5CF2CA810C900F95219 /* CathayBankKokoHW.app */,
				CB8DB55D2CAEE349008A9D26 /* CathayBankKokoHWTests.xctest */,
			);
			name = Products;
			sourceTree = "<group>";
		};
		CB69F5D12CA810C900F95219 /* CathayBankKokoHW */ = {
			isa = PBXGroup;
			children = (
				CB69F5D22CA810C900F95219 /* AppDelegate.swift */,
				CB69F5D42CA810C900F95219 /* SceneDelegate.swift */,
				CB8DB5562CAED9EE008A9D26 /* Scenario */,
				CB68768C2CAC5FC400AA01F6 /* Controller */,
				CB6876872CAC5F4500AA01F6 /* View */,
				CB9AD89E2CA8B93F00582634 /* ViewModel */,
				CB9AD89F2CA8B94B00582634 /* Model */,
				CB68768F2CAC600E00AA01F6 /* Extension */,
				CB69F5D82CA810C900F95219 /* Main.storyboard */,
				CB69F5DB2CA810CA00F95219 /* Assets.xcassets */,
				CB69F5DD2CA810CA00F95219 /* LaunchScreen.storyboard */,
				CB69F5E02CA810CA00F95219 /* Info.plist */,
			);
			path = CathayBankKokoHW;
			sourceTree = "<group>";
		};
		CB8DB5562CAED9EE008A9D26 /* Scenario */ = {
			isa = PBXGroup;
			children = (
				CB6876942CAC611E00AA01F6 /* Scenario.swift */,
			);
			path = Scenario;
			sourceTree = "<group>";
		};
		CB8DB55E2CAEE34A008A9D26 /* CathayBankKokoHWTests */ = {
			isa = PBXGroup;
			children = (
				CB8DB55F2CAEE34A008A9D26 /* CathayBankKokoHWTests.swift */,
			);
			path = CathayBankKokoHWTests;
			sourceTree = "<group>";
		};
		CB9AD89E2CA8B93F00582634 /* ViewModel */ = {
			isa = PBXGroup;
			children = (
				CB9AD8982CA8B91200582634 /* UserVM.swift */,
				CB9AD8962CA8B8FF00582634 /* FriendsVM.swift */,
			);
			path = ViewModel;
			sourceTree = "<group>";
		};
		CB9AD89F2CA8B94B00582634 /* Model */ = {
			isa = PBXGroup;
			children = (
				CB9AD89A2CA8B92800582634 /* UserModel.swift */,
				CB9AD89C2CA8B93500582634 /* FriendsModel.swift */,
			);
			path = Model;
			sourceTree = "<group>";
		};
/* End PBXGroup section */

/* Begin PBXNativeTarget section */
		CB69F5CE2CA810C900F95219 /* CathayBankKokoHW */ = {
			isa = PBXNativeTarget;
			buildConfigurationList = CB69F5E32CA810CA00F95219 /* Build configuration list for PBXNativeTarget "CathayBankKokoHW" */;
			buildPhases = (
				CB69F5CB2CA810C900F95219 /* Sources */,
				CB69F5CC2CA810C900F95219 /* Frameworks */,
				CB69F5CD2CA810C900F95219 /* Resources */,
			);
			buildRules = (
			);
			dependencies = (
			);
			name = CathayBankKokoHW;
			productName = CathayBankKokoHW;
			productReference = CB69F5CF2CA810C900F95219 /* CathayBankKokoHW.app */;
			productType = "com.apple.product-type.application";
		};
		CB8DB55C2CAEE349008A9D26 /* CathayBankKokoHWTests */ = {
			isa = PBXNativeTarget;
			buildConfigurationList = CB8DB5632CAEE34A008A9D26 /* Build configuration list for PBXNativeTarget "CathayBankKokoHWTests" */;
			buildPhases = (
				CB8DB5592CAEE349008A9D26 /* Sources */,
				CB8DB55A2CAEE349008A9D26 /* Frameworks */,
				CB8DB55B2CAEE349008A9D26 /* Resources */,
			);
			buildRules = (
			);
			dependencies = (
				CB8DB5622CAEE34A008A9D26 /* PBXTargetDependency */,
			);
			name = CathayBankKokoHWTests;
			productName = CathayBankKokoHWTests;
			productReference = CB8DB55D2CAEE349008A9D26 /* CathayBankKokoHWTests.xctest */;
			productType = "com.apple.product-type.bundle.unit-test";
		};
/* End PBXNativeTarget section */

/* Begin PBXProject section */
		CB69F5C72CA810C900F95219 /* Project object */ = {
			isa = PBXProject;
			attributes = {
				BuildIndependentTargetsInParallel = 1;
				LastSwiftUpdateCheck = 1520;
				LastUpgradeCheck = 1520;
				TargetAttributes = {
					CB69F5CE2CA810C900F95219 = {
						CreatedOnToolsVersion = 15.2;
					};
					CB8DB55C2CAEE349008A9D26 = {
						CreatedOnToolsVersion = 15.2;
						TestTargetID = CB69F5CE2CA810C900F95219;
					};
				};
			};
			buildConfigurationList = CB69F5CA2CA810C900F95219 /* Build configuration list for PBXProject "CathayBankKokoHW" */;
			compatibilityVersion = "Xcode 14.0";
			developmentRegion = en;
			hasScannedForEncodings = 0;
			knownRegions = (
				en,
				Base,
			);
			mainGroup = CB69F5C62CA810C900F95219;
			productRefGroup = CB69F5D02CA810C900F95219 /* Products */;
			projectDirPath = "";
			projectRoot = "";
			targets = (
				CB69F5CE2CA810C900F95219 /* CathayBankKokoHW */,
				CB8DB55C2CAEE349008A9D26 /* CathayBankKokoHWTests */,
			);
		};
/* End PBXProject section */

/* Begin PBXResourcesBuildPhase section */
		CB69F5CD2CA810C900F95219 /* Resources */ = {
			isa = PBXResourcesBuildPhase;
			buildActionMask = 2147483647;
			files = (
				CB69F5DF2CA810CA00F95219 /* LaunchScreen.storyboard in Resources */,
				CB69F5DC2CA810CA00F95219 /* Assets.xcassets in Resources */,
				CB69F5DA2CA810C900F95219 /* Main.storyboard in Resources */,
			);
			runOnlyForDeploymentPostprocessing = 0;
		};
		CB8DB55B2CAEE349008A9D26 /* Resources */ = {
			isa = PBXResourcesBuildPhase;
			buildActionMask = 2147483647;
			files = (
			);
			runOnlyForDeploymentPostprocessing = 0;
		};
/* End PBXResourcesBuildPhase section */

/* Begin PBXSourcesBuildPhase section */
		CB69F5CB2CA810C900F95219 /* Sources */ = {
			isa = PBXSourcesBuildPhase;
			buildActionMask = 2147483647;
			files = (
				CB9AD8972CA8B8FF00582634 /* FriendsVM.swift in Sources */,
				CB6876932CAC608400AA01F6 /* FriendsNavController.swift in Sources */,
				CB6876952CAC611E00AA01F6 /* Scenario.swift in Sources */,
				CB9AD8992CA8B91200582634 /* UserVM.swift in Sources */,
				CB69F5D72CA810C900F95219 /* TabBarController.swift in Sources */,
				CB6876892CAC5F7000AA01F6 /* FriendCell.swift in Sources */,
				CB6876912CAC603400AA01F6 /* Extension.swift in Sources */,
				CB68768E2CAC5FE100AA01F6 /* FriendsVC.swift in Sources */,
				CB69F5D32CA810C900F95219 /* AppDelegate.swift in Sources */,
				CB9AD89D2CA8B93500582634 /* FriendsModel.swift in Sources */,
				CB9AD89B2CA8B92800582634 /* UserModel.swift in Sources */,
				CB69F5D52CA810C900F95219 /* SceneDelegate.swift in Sources */,
				CB68768B2CAC5F9B00AA01F6 /* FriendsEmptyView.swift in Sources */,
				CB6876972CAC655800AA01F6 /* UserView.swift in Sources */,
				CB84FDE32CAC9D67005AD3ED /* InvitationCard.swift in Sources */,
				CB8DB5552CAE1C8A008A9D26 /* SearchBar.swift in Sources */,
				CB84FDE52CADBCDC005AD3ED /* FriendsTableView.swift in Sources */,
			);
			runOnlyForDeploymentPostprocessing = 0;
		};
		CB8DB5592CAEE349008A9D26 /* Sources */ = {
			isa = PBXSourcesBuildPhase;
			buildActionMask = 2147483647;
			files = (
				CB8DB5602CAEE34A008A9D26 /* CathayBankKokoHWTests.swift in Sources */,
			);
			runOnlyForDeploymentPostprocessing = 0;
		};
/* End PBXSourcesBuildPhase section */

/* Begin PBXTargetDependency section */
		CB8DB5622CAEE34A008A9D26 /* PBXTargetDependency */ = {
			isa = PBXTargetDependency;
			target = CB69F5CE2CA810C900F95219 /* CathayBankKokoHW */;
			targetProxy = CB8DB5612CAEE34A008A9D26 /* PBXContainerItemProxy */;
		};
/* End PBXTargetDependency section */

/* Begin PBXVariantGroup section */
		CB69F5D82CA810C900F95219 /* Main.storyboard */ = {
			isa = PBXVariantGroup;
			children = (
				CB69F5D92CA810C900F95219 /* Base */,
			);
			name = Main.storyboard;
			sourceTree = "<group>";
		};
		CB69F5DD2CA810CA00F95219 /* LaunchScreen.storyboard */ = {
			isa = PBXVariantGroup;
			children = (
				CB69F5DE2CA810CA00F95219 /* Base */,
			);
			name = LaunchScreen.storyboard;
			sourceTree = "<group>";
		};
/* End PBXVariantGroup section */

/* Begin XCBuildConfiguration section */
		CB69F5E12CA810CA00F95219 /* Debug */ = {
			isa = XCBuildConfiguration;
			buildSettings = {
				ALWAYS_SEARCH_USER_PATHS = NO;
				ASSETCATALOG_COMPILER_GENERATE_SWIFT_ASSET_SYMBOL_EXTENSIONS = YES;
				CLANG_ANALYZER_NONNULL = YES;
				CLANG_ANALYZER_NUMBER_OBJECT_CONVERSION = YES_AGGRESSIVE;
				CLANG_CXX_LANGUAGE_STANDARD = "gnu++20";
				CLANG_ENABLE_MODULES = YES;
				CLANG_ENABLE_OBJC_ARC = YES;
				CLANG_ENABLE_OBJC_WEAK = YES;
				CLANG_WARN_BLOCK_CAPTURE_AUTORELEASING = YES;
				CLANG_WARN_BOOL_CONVERSION = YES;
				CLANG_WARN_COMMA = YES;
				CLANG_WARN_CONSTANT_CONVERSION = YES;
				CLANG_WARN_DEPRECATED_OBJC_IMPLEMENTATIONS = YES;
				CLANG_WARN_DIRECT_OBJC_ISA_USAGE = YES_ERROR;
				CLANG_WARN_DOCUMENTATION_COMMENTS = YES;
				CLANG_WARN_EMPTY_BODY = YES;
				CLANG_WARN_ENUM_CONVERSION = YES;
				CLANG_WARN_INFINITE_RECURSION = YES;
				CLANG_WARN_INT_CONVERSION = YES;
				CLANG_WARN_NON_LITERAL_NULL_CONVERSION = YES;
				CLANG_WARN_OBJC_IMPLICIT_RETAIN_SELF = YES;
				CLANG_WARN_OBJC_LITERAL_CONVERSION = YES;
				CLANG_WARN_OBJC_ROOT_CLASS = YES_ERROR;
				CLANG_WARN_QUOTED_INCLUDE_IN_FRAMEWORK_HEADER = YES;
				CLANG_WARN_RANGE_LOOP_ANALYSIS = YES;
				CLANG_WARN_STRICT_PROTOTYPES = YES;
				CLANG_WARN_SUSPICIOUS_MOVE = YES;
				CLANG_WARN_UNGUARDED_AVAILABILITY = YES_AGGRESSIVE;
				CLANG_WARN_UNREACHABLE_CODE = YES;
				CLANG_WARN__DUPLICATE_METHOD_MATCH = YES;
				COPY_PHASE_STRIP = NO;
				DEBUG_INFORMATION_FORMAT = dwarf;
				ENABLE_STRICT_OBJC_MSGSEND = YES;
				ENABLE_TESTABILITY = YES;
				ENABLE_USER_SCRIPT_SANDBOXING = YES;
				GCC_C_LANGUAGE_STANDARD = gnu17;
				GCC_DYNAMIC_NO_PIC = NO;
				GCC_NO_COMMON_BLOCKS = YES;
				GCC_OPTIMIZATION_LEVEL = 0;
				GCC_PREPROCESSOR_DEFINITIONS = (
					"DEBUG=1",
					"$(inherited)",
				);
				GCC_WARN_64_TO_32_BIT_CONVERSION = YES;
				GCC_WARN_ABOUT_RETURN_TYPE = YES_ERROR;
				GCC_WARN_UNDECLARED_SELECTOR = YES;
				GCC_WARN_UNINITIALIZED_AUTOS = YES_AGGRESSIVE;
				GCC_WARN_UNUSED_FUNCTION = YES;
				GCC_WARN_UNUSED_VARIABLE = YES;
				IPHONEOS_DEPLOYMENT_TARGET = 17.2;
				LOCALIZATION_PREFERS_STRING_CATALOGS = YES;
				MTL_ENABLE_DEBUG_INFO = INCLUDE_SOURCE;
				MTL_FAST_MATH = YES;
				ONLY_ACTIVE_ARCH = YES;
				SDKROOT = iphoneos;
				SWIFT_ACTIVE_COMPILATION_CONDITIONS = "DEBUG $(inherited)";
				SWIFT_OPTIMIZATION_LEVEL = "-Onone";
			};
			name = Debug;
		};
		CB69F5E22CA810CA00F95219 /* Release */ = {
			isa = XCBuildConfiguration;
			buildSettings = {
				ALWAYS_SEARCH_USER_PATHS = NO;
				ASSETCATALOG_COMPILER_GENERATE_SWIFT_ASSET_SYMBOL_EXTENSIONS = YES;
				CLANG_ANALYZER_NONNULL = YES;
				CLANG_ANALYZER_NUMBER_OBJECT_CONVERSION = YES_AGGRESSIVE;
				CLANG_CXX_LANGUAGE_STANDARD = "gnu++20";
				CLANG_ENABLE_MODULES = YES;
				CLANG_ENABLE_OBJC_ARC = YES;
				CLANG_ENABLE_OBJC_WEAK = YES;
				CLANG_WARN_BLOCK_CAPTURE_AUTORELEASING = YES;
				CLANG_WARN_BOOL_CONVERSION = YES;
				CLANG_WARN_COMMA = YES;
				CLANG_WARN_CONSTANT_CONVERSION = YES;
				CLANG_WARN_DEPRECATED_OBJC_IMPLEMENTATIONS = YES;
				CLANG_WARN_DIRECT_OBJC_ISA_USAGE = YES_ERROR;
				CLANG_WARN_DOCUMENTATION_COMMENTS = YES;
				CLANG_WARN_EMPTY_BODY = YES;
				CLANG_WARN_ENUM_CONVERSION = YES;
				CLANG_WARN_INFINITE_RECURSION = YES;
				CLANG_WARN_INT_CONVERSION = YES;
				CLANG_WARN_NON_LITERAL_NULL_CONVERSION = YES;
				CLANG_WARN_OBJC_IMPLICIT_RETAIN_SELF = YES;
				CLANG_WARN_OBJC_LITERAL_CONVERSION = YES;
				CLANG_WARN_OBJC_ROOT_CLASS = YES_ERROR;
				CLANG_WARN_QUOTED_INCLUDE_IN_FRAMEWORK_HEADER = YES;
				CLANG_WARN_RANGE_LOOP_ANALYSIS = YES;
				CLANG_WARN_STRICT_PROTOTYPES = YES;
				CLANG_WARN_SUSPICIOUS_MOVE = YES;
				CLANG_WARN_UNGUARDED_AVAILABILITY = YES_AGGRESSIVE;
				CLANG_WARN_UNREACHABLE_CODE = YES;
				CLANG_WARN__DUPLICATE_METHOD_MATCH = YES;
				COPY_PHASE_STRIP = NO;
				DEBUG_INFORMATION_FORMAT = "dwarf-with-dsym";
				ENABLE_NS_ASSERTIONS = NO;
				ENABLE_STRICT_OBJC_MSGSEND = YES;
				ENABLE_USER_SCRIPT_SANDBOXING = YES;
				GCC_C_LANGUAGE_STANDARD = gnu17;
				GCC_NO_COMMON_BLOCKS = YES;
				GCC_WARN_64_TO_32_BIT_CONVERSION = YES;
				GCC_WARN_ABOUT_RETURN_TYPE = YES_ERROR;
				GCC_WARN_UNDECLARED_SELECTOR = YES;
				GCC_WARN_UNINITIALIZED_AUTOS = YES_AGGRESSIVE;
				GCC_WARN_UNUSED_FUNCTION = YES;
				GCC_WARN_UNUSED_VARIABLE = YES;
				IPHONEOS_DEPLOYMENT_TARGET = 17.2;
				LOCALIZATION_PREFERS_STRING_CATALOGS = YES;
				MTL_ENABLE_DEBUG_INFO = NO;
				MTL_FAST_MATH = YES;
				SDKROOT = iphoneos;
				SWIFT_COMPILATION_MODE = wholemodule;
				VALIDATE_PRODUCT = YES;
			};
			name = Release;
		};
		CB69F5E42CA810CA00F95219 /* Debug */ = {
			isa = XCBuildConfiguration;
			buildSettings = {
				ASSETCATALOG_COMPILER_APPICON_NAME = AppIcon;
				ASSETCATALOG_COMPILER_GLOBAL_ACCENT_COLOR_NAME = AccentColor;
				CODE_SIGN_STYLE = Automatic;
				CURRENT_PROJECT_VERSION = 1;
				DEVELOPMENT_TEAM = 5YS6T645W2;
				GENERATE_INFOPLIST_FILE = YES;
				INFOPLIST_FILE = CathayBankKokoHW/Info.plist;
				INFOPLIST_KEY_UIApplicationSupportsIndirectInputEvents = YES;
				INFOPLIST_KEY_UILaunchStoryboardName = LaunchScreen;
				INFOPLIST_KEY_UIMainStoryboardFile = Main;
				INFOPLIST_KEY_UISupportedInterfaceOrientations_iPad = "UIInterfaceOrientationPortrait UIInterfaceOrientationPortraitUpsideDown UIInterfaceOrientationLandscapeLeft UIInterfaceOrientationLandscapeRight";
				INFOPLIST_KEY_UISupportedInterfaceOrientations_iPhone = "UIInterfaceOrientationPortrait UIInterfaceOrientationLandscapeLeft UIInterfaceOrientationLandscapeRight";
				LD_RUNPATH_SEARCH_PATHS = (
					"$(inherited)",
					"@executable_path/Frameworks",
				);
				MARKETING_VERSION = 1.0;
				PRODUCT_BUNDLE_IDENTIFIER = com.jwch.CathayBankKokoHW;
				PRODUCT_NAME = "$(TARGET_NAME)";
				SWIFT_EMIT_LOC_STRINGS = YES;
				SWIFT_VERSION = 5.0;
				TARGETED_DEVICE_FAMILY = "1,2";
			};
			name = Debug;
		};
		CB69F5E52CA810CA00F95219 /* Release */ = {
			isa = XCBuildConfiguration;
			buildSettings = {
				ASSETCATALOG_COMPILER_APPICON_NAME = AppIcon;
				ASSETCATALOG_COMPILER_GLOBAL_ACCENT_COLOR_NAME = AccentColor;
				CODE_SIGN_STYLE = Automatic;
				CURRENT_PROJECT_VERSION = 1;
				DEVELOPMENT_TEAM = 5YS6T645W2;
				GENERATE_INFOPLIST_FILE = YES;
				INFOPLIST_FILE = CathayBankKokoHW/Info.plist;
				INFOPLIST_KEY_UIApplicationSupportsIndirectInputEvents = YES;
				INFOPLIST_KEY_UILaunchStoryboardName = LaunchScreen;
				INFOPLIST_KEY_UIMainStoryboardFile = Main;
				INFOPLIST_KEY_UISupportedInterfaceOrientations_iPad = "UIInterfaceOrientationPortrait UIInterfaceOrientationPortraitUpsideDown UIInterfaceOrientationLandscapeLeft UIInterfaceOrientationLandscapeRight";
				INFOPLIST_KEY_UISupportedInterfaceOrientations_iPhone = "UIInterfaceOrientationPortrait UIInterfaceOrientationLandscapeLeft UIInterfaceOrientationLandscapeRight";
				LD_RUNPATH_SEARCH_PATHS = (
					"$(inherited)",
					"@executable_path/Frameworks",
				);
				MARKETING_VERSION = 1.0;
				PRODUCT_BUNDLE_IDENTIFIER = com.jwch.CathayBankKokoHW;
				PRODUCT_NAME = "$(TARGET_NAME)";
				SWIFT_EMIT_LOC_STRINGS = YES;
				SWIFT_VERSION = 5.0;
				TARGETED_DEVICE_FAMILY = "1,2";
			};
			name = Release;
		};
		CB8DB5642CAEE34A008A9D26 /* Debug */ = {
			isa = XCBuildConfiguration;
			buildSettings = {
				BUNDLE_LOADER = "$(TEST_HOST)";
				CODE_SIGN_STYLE = Automatic;
				CURRENT_PROJECT_VERSION = 1;
				DEVELOPMENT_TEAM = 5YS6T645W2;
				GENERATE_INFOPLIST_FILE = YES;
				MARKETING_VERSION = 1.0;
				PRODUCT_BUNDLE_IDENTIFIER = com.jwch.CathayBankKokoHWTests;
				PRODUCT_NAME = "$(TARGET_NAME)";
				SWIFT_EMIT_LOC_STRINGS = NO;
				SWIFT_VERSION = 5.0;
				TARGETED_DEVICE_FAMILY = "1,2";
				TEST_HOST = "$(BUILT_PRODUCTS_DIR)/CathayBankKokoHW.app/$(BUNDLE_EXECUTABLE_FOLDER_PATH)/CathayBankKokoHW";
			};
			name = Debug;
		};
		CB8DB5652CAEE34A008A9D26 /* Release */ = {
			isa = XCBuildConfiguration;
			buildSettings = {
				BUNDLE_LOADER = "$(TEST_HOST)";
				CODE_SIGN_STYLE = Automatic;
				CURRENT_PROJECT_VERSION = 1;
				DEVELOPMENT_TEAM = 5YS6T645W2;
				GENERATE_INFOPLIST_FILE = YES;
				MARKETING_VERSION = 1.0;
				PRODUCT_BUNDLE_IDENTIFIER = com.jwch.CathayBankKokoHWTests;
				PRODUCT_NAME = "$(TARGET_NAME)";
				SWIFT_EMIT_LOC_STRINGS = NO;
				SWIFT_VERSION = 5.0;
				TARGETED_DEVICE_FAMILY = "1,2";
				TEST_HOST = "$(BUILT_PRODUCTS_DIR)/CathayBankKokoHW.app/$(BUNDLE_EXECUTABLE_FOLDER_PATH)/CathayBankKokoHW";
			};
			name = Release;
		};
/* End XCBuildConfiguration section */

/* Begin XCConfigurationList section */
		CB69F5CA2CA810C900F95219 /* Build configuration list for PBXProject "CathayBankKokoHW" */ = {
			isa = XCConfigurationList;
			buildConfigurations = (
				CB69F5E12CA810CA00F95219 /* Debug */,
				CB69F5E22CA810CA00F95219 /* Release */,
			);
			defaultConfigurationIsVisible = 0;
			defaultConfigurationName = Release;
		};
		CB69F5E32CA810CA00F95219 /* Build configuration list for PBXNativeTarget "CathayBankKokoHW" */ = {
			isa = XCConfigurationList;
			buildConfigurations = (
				CB69F5E42CA810CA00F95219 /* Debug */,
				CB69F5E52CA810CA00F95219 /* Release */,
			);
			defaultConfigurationIsVisible = 0;
			defaultConfigurationName = Release;
		};
		CB8DB5632CAEE34A008A9D26 /* Build configuration list for PBXNativeTarget "CathayBankKokoHWTests" */ = {
			isa = XCConfigurationList;
			buildConfigurations = (
				CB8DB5642CAEE34A008A9D26 /* Debug */,
				CB8DB5652CAEE34A008A9D26 /* Release */,
			);
			defaultConfigurationIsVisible = 0;
			defaultConfigurationName = Release;
		};
/* End XCConfigurationList section */
	};
	rootObject = CB69F5C72CA810C900F95219 /* Project object */;
}
